
Microsoft Visual Studio Solution File, Format Version 12.00
# Visual Studio Version 17
VisualStudioVersion = 17.8.34309.116
MinimumVisualStudioVersion = 10.0.40219.1
Project("{9A19103F-16F7-4668-BE54-9A1E7A4F7556}") = "CodeBlog.API", "CodeBlog.API\CodeBlog.API.csproj", "{2322C842-871A-4417-BFB4-34484F22120F}"
EndProject
Project("{E53339B2-1760-4266-BCC7-CA923CBCF16C}") = "docker-compose", "docker-compose.dcproj", "{27EE5DBD-6E67-4F41-A3EE-9A5FFB38FC1D}"
EndProject
Global
	GlobalSection(SolutionConfigurationPlatforms) = preSolution
		Debug|Any CPU = Debug|Any CPU
		Release|Any CPU = Release|Any CPU
	EndGlobalSection
	GlobalSection(ProjectConfigurationPlatforms) = postSolution
		{2322C842-871A-4417-BFB4-34484F22120F}.Debug|Any CPU.ActiveCfg = Debug|Any CPU
		{2322C842-871A-4417-BFB4-34484F22120F}.Debug|Any CPU.Build.0 = Debug|Any CPU
		{2322C842-871A-4417-BFB4-34484F22120F}.Release|Any CPU.ActiveCfg = Release|Any CPU
		{2322C842-871A-4417-BFB4-34484F22120F}.Release|Any CPU.Build.0 = Release|Any CPU
		{27EE5DBD-6E67-4F41-A3EE-9A5FFB38FC1D}.Debug|Any CPU.ActiveCfg = Debug|Any CPU
		{27EE5DBD-6E67-4F41-A3EE-9A5FFB38FC1D}.Debug|Any CPU.Build.0 = Debug|Any CPU
		{27EE5DBD-6E67-4F41-A3EE-9A5FFB38FC1D}.Release|Any CPU.ActiveCfg = Release|Any CPU
		{27EE5DBD-6E67-4F41-A3EE-9A5FFB38FC1D}.Release|Any CPU.Build.0 = Release|Any CPU
	EndGlobalSection
	GlobalSection(SolutionProperties) = preSolution
		HideSolutionNode = FALSE
	EndGlobalSection
	GlobalSection(ExtensibilityGlobals) = postSolution
		SolutionGuid = {46DC6976-CA45-444A-9697-FEA79275A92B}
	EndGlobalSection
EndGlobal
